
Microsoft Visual Studio Solution File, Format Version 12.00
# Visual Studio 15
VisualStudioVersion = 15.0.28307.2092
MinimumVisualStudioVersion = 10.0.40219.1
Project("{FAE04EC0-301F-11D3-BF4B-00C04F79EFBC}") = "6.haftaOrnek3_Structs", "6.haftaOrnek3_Structs\6.haftaOrnek3_Structs.csproj", "{DA23D02A-E81B-462B-84C5-563E1FEFA69D}"
EndProject
Global
	GlobalSection(SolutionConfigurationPlatforms) = preSolution
		Debug|Any CPU = Debug|Any CPU
		Release|Any CPU = Release|Any CPU
	EndGlobalSection
	GlobalSection(ProjectConfigurationPlatforms) = postSolution
		{DA23D02A-E81B-462B-84C5-563E1FEFA69D}.Debug|Any CPU.ActiveCfg = Debug|Any CPU
		{DA23D02A-E81B-462B-84C5-563E1FEFA69D}.Debug|Any CPU.Build.0 = Debug|Any CPU
		{DA23D02A-E81B-462B-84C5-563E1FEFA69D}.Release|Any CPU.ActiveCfg = Release|Any CPU
		{DA23D02A-E81B-462B-84C5-563E1FEFA69D}.Release|Any CPU.Build.0 = Release|Any CPU
	EndGlobalSection
	GlobalSection(SolutionProperties) = preSolution
		HideSolutionNode = FALSE
	EndGlobalSection
	GlobalSection(ExtensibilityGlobals) = postSolution
		SolutionGuid = {FCD13602-78FF-42C2-8386-B4D0F50ECB5D}
	EndGlobalSection
EndGlobal
