
Microsoft Visual Studio Solution File, Format Version 12.00
# Visual Studio 15
VisualStudioVersion = 15.0.28307.2092
MinimumVisualStudioVersion = 10.0.40219.1
Project("{FAE04EC0-301F-11D3-BF4B-00C04F79EFBC}") = "5.haftaOrnekUygulamalar2", "5.haftaOrnekUygulamalar2\5.haftaOrnekUygulamalar2.csproj", "{6905567C-5AA8-444D-97E6-F25AA159D699}"
EndProject
Global
	GlobalSection(SolutionConfigurationPlatforms) = preSolution
		Debug|Any CPU = Debug|Any CPU
		Release|Any CPU = Release|Any CPU
	EndGlobalSection
	GlobalSection(ProjectConfigurationPlatforms) = postSolution
		{6905567C-5AA8-444D-97E6-F25AA159D699}.Debug|Any CPU.ActiveCfg = Debug|Any CPU
		{6905567C-5AA8-444D-97E6-F25AA159D699}.Debug|Any CPU.Build.0 = Debug|Any CPU
		{6905567C-5AA8-444D-97E6-F25AA159D699}.Release|Any CPU.ActiveCfg = Release|Any CPU
		{6905567C-5AA8-444D-97E6-F25AA159D699}.Release|Any CPU.Build.0 = Release|Any CPU
	EndGlobalSection
	GlobalSection(SolutionProperties) = preSolution
		HideSolutionNode = FALSE
	EndGlobalSection
	GlobalSection(ExtensibilityGlobals) = postSolution
		SolutionGuid = {6A9D7EDB-3F7D-472E-A63D-5E8801AD2176}
	EndGlobalSection
EndGlobal
