
Microsoft Visual Studio Solution File, Format Version 12.00
# Visual Studio 15
VisualStudioVersion = 15.0.28307.2092
MinimumVisualStudioVersion = 10.0.40219.1
Project("{FAE04EC0-301F-11D3-BF4B-00C04F79EFBC}") = "3.haftaOrnek5_do-whileandSwitch", "3.haftaOrnek5_do-whileandSwitch\3.haftaOrnek5_do-whileandSwitch.csproj", "{9CC1A242-0C18-45C9-A680-5C4FFB67952C}"
EndProject
Global
	GlobalSection(SolutionConfigurationPlatforms) = preSolution
		Debug|Any CPU = Debug|Any CPU
		Release|Any CPU = Release|Any CPU
	EndGlobalSection
	GlobalSection(ProjectConfigurationPlatforms) = postSolution
		{9CC1A242-0C18-45C9-A680-5C4FFB67952C}.Debug|Any CPU.ActiveCfg = Debug|Any CPU
		{9CC1A242-0C18-45C9-A680-5C4FFB67952C}.Debug|Any CPU.Build.0 = Debug|Any CPU
		{9CC1A242-0C18-45C9-A680-5C4FFB67952C}.Release|Any CPU.ActiveCfg = Release|Any CPU
		{9CC1A242-0C18-45C9-A680-5C4FFB67952C}.Release|Any CPU.Build.0 = Release|Any CPU
	EndGlobalSection
	GlobalSection(SolutionProperties) = preSolution
		HideSolutionNode = FALSE
	EndGlobalSection
	GlobalSection(ExtensibilityGlobals) = postSolution
		SolutionGuid = {AC598537-C06A-4249-B4A4-DC61E58EFF2C}
	EndGlobalSection
EndGlobal
