
Microsoft Visual Studio Solution File, Format Version 12.00
# Visual Studio 15
VisualStudioVersion = 15.0.28307.2092
MinimumVisualStudioVersion = 10.0.40219.1
Project("{FAE04EC0-301F-11D3-BF4B-00C04F79EFBC}") = "9.haftaOrnek9", "9.haftaOrnek9\9.haftaOrnek9.csproj", "{60DFA703-7F42-40B0-AB93-0056D65403CA}"
EndProject
Global
	GlobalSection(SolutionConfigurationPlatforms) = preSolution
		Debug|Any CPU = Debug|Any CPU
		Release|Any CPU = Release|Any CPU
	EndGlobalSection
	GlobalSection(ProjectConfigurationPlatforms) = postSolution
		{60DFA703-7F42-40B0-AB93-0056D65403CA}.Debug|Any CPU.ActiveCfg = Debug|Any CPU
		{60DFA703-7F42-40B0-AB93-0056D65403CA}.Debug|Any CPU.Build.0 = Debug|Any CPU
		{60DFA703-7F42-40B0-AB93-0056D65403CA}.Release|Any CPU.ActiveCfg = Release|Any CPU
		{60DFA703-7F42-40B0-AB93-0056D65403CA}.Release|Any CPU.Build.0 = Release|Any CPU
	EndGlobalSection
	GlobalSection(SolutionProperties) = preSolution
		HideSolutionNode = FALSE
	EndGlobalSection
	GlobalSection(ExtensibilityGlobals) = postSolution
		SolutionGuid = {402859E5-589C-45BB-BEA8-6A5FDA44E4F7}
	EndGlobalSection
EndGlobal
