
Microsoft Visual Studio Solution File, Format Version 12.00
# Visual Studio 15
VisualStudioVersion = 15.0.28307.2092
MinimumVisualStudioVersion = 10.0.40219.1
Project("{FAE04EC0-301F-11D3-BF4B-00C04F79EFBC}") = "5.haftaOrnekUygulamalar12", "5.haftaOrnekUygulamalar12\5.haftaOrnekUygulamalar12.csproj", "{A8A5FD9C-AB09-4423-8257-E5B7CD56927A}"
EndProject
Global
	GlobalSection(SolutionConfigurationPlatforms) = preSolution
		Debug|Any CPU = Debug|Any CPU
		Release|Any CPU = Release|Any CPU
	EndGlobalSection
	GlobalSection(ProjectConfigurationPlatforms) = postSolution
		{A8A5FD9C-AB09-4423-8257-E5B7CD56927A}.Debug|Any CPU.ActiveCfg = Debug|Any CPU
		{A8A5FD9C-AB09-4423-8257-E5B7CD56927A}.Debug|Any CPU.Build.0 = Debug|Any CPU
		{A8A5FD9C-AB09-4423-8257-E5B7CD56927A}.Release|Any CPU.ActiveCfg = Release|Any CPU
		{A8A5FD9C-AB09-4423-8257-E5B7CD56927A}.Release|Any CPU.Build.0 = Release|Any CPU
	EndGlobalSection
	GlobalSection(SolutionProperties) = preSolution
		HideSolutionNode = FALSE
	EndGlobalSection
	GlobalSection(ExtensibilityGlobals) = postSolution
		SolutionGuid = {FFEA89FA-58CF-425C-8D1F-076025AEC7E4}
	EndGlobalSection
EndGlobal
