
Microsoft Visual Studio Solution File, Format Version 12.00
# Visual Studio 15
VisualStudioVersion = 15.0.28307.2092
MinimumVisualStudioVersion = 10.0.40219.1
Project("{FAE04EC0-301F-11D3-BF4B-00C04F79EFBC}") = "4.haftaOrnek14_RecursiveMethod", "4.haftaOrnek14_RecursiveMethod\4.haftaOrnek14_RecursiveMethod.csproj", "{A639E1F8-9511-4C15-A572-DFD251C85815}"
EndProject
Global
	GlobalSection(SolutionConfigurationPlatforms) = preSolution
		Debug|Any CPU = Debug|Any CPU
		Release|Any CPU = Release|Any CPU
	EndGlobalSection
	GlobalSection(ProjectConfigurationPlatforms) = postSolution
		{A639E1F8-9511-4C15-A572-DFD251C85815}.Debug|Any CPU.ActiveCfg = Debug|Any CPU
		{A639E1F8-9511-4C15-A572-DFD251C85815}.Debug|Any CPU.Build.0 = Debug|Any CPU
		{A639E1F8-9511-4C15-A572-DFD251C85815}.Release|Any CPU.ActiveCfg = Release|Any CPU
		{A639E1F8-9511-4C15-A572-DFD251C85815}.Release|Any CPU.Build.0 = Release|Any CPU
	EndGlobalSection
	GlobalSection(SolutionProperties) = preSolution
		HideSolutionNode = FALSE
	EndGlobalSection
	GlobalSection(ExtensibilityGlobals) = postSolution
		SolutionGuid = {788D58AD-EFBB-4040-AA4C-74F8B8F19A75}
	EndGlobalSection
EndGlobal
