
Microsoft Visual Studio Solution File, Format Version 12.00
# Visual Studio 15
VisualStudioVersion = 15.0.28307.2092
MinimumVisualStudioVersion = 10.0.40219.1
Project("{FAE04EC0-301F-11D3-BF4B-00C04F79EFBC}") = "4.haftaOrnek6", "4.haftaOrnek6\4.haftaOrnek6.csproj", "{A13471FA-9656-4E69-B028-9E2DD26BC9C6}"
EndProject
Global
	GlobalSection(SolutionConfigurationPlatforms) = preSolution
		Debug|Any CPU = Debug|Any CPU
		Release|Any CPU = Release|Any CPU
	EndGlobalSection
	GlobalSection(ProjectConfigurationPlatforms) = postSolution
		{A13471FA-9656-4E69-B028-9E2DD26BC9C6}.Debug|Any CPU.ActiveCfg = Debug|Any CPU
		{A13471FA-9656-4E69-B028-9E2DD26BC9C6}.Debug|Any CPU.Build.0 = Debug|Any CPU
		{A13471FA-9656-4E69-B028-9E2DD26BC9C6}.Release|Any CPU.ActiveCfg = Release|Any CPU
		{A13471FA-9656-4E69-B028-9E2DD26BC9C6}.Release|Any CPU.Build.0 = Release|Any CPU
	EndGlobalSection
	GlobalSection(SolutionProperties) = preSolution
		HideSolutionNode = FALSE
	EndGlobalSection
	GlobalSection(ExtensibilityGlobals) = postSolution
		SolutionGuid = {3785BAEF-5E02-408A-A405-164FC2989921}
	EndGlobalSection
EndGlobal
