
Microsoft Visual Studio Solution File, Format Version 12.00
# Visual Studio 15
VisualStudioVersion = 15.0.28307.2092
MinimumVisualStudioVersion = 10.0.40219.1
Project("{FAE04EC0-301F-11D3-BF4B-00C04F79EFBC}") = "9.haftaOrnek", "9.haftaOrnek\9.haftaOrnek.csproj", "{C19ECE90-A350-4176-96BD-FA3F92329AF9}"
EndProject
Global
	GlobalSection(SolutionConfigurationPlatforms) = preSolution
		Debug|Any CPU = Debug|Any CPU
		Release|Any CPU = Release|Any CPU
	EndGlobalSection
	GlobalSection(ProjectConfigurationPlatforms) = postSolution
		{C19ECE90-A350-4176-96BD-FA3F92329AF9}.Debug|Any CPU.ActiveCfg = Debug|Any CPU
		{C19ECE90-A350-4176-96BD-FA3F92329AF9}.Debug|Any CPU.Build.0 = Debug|Any CPU
		{C19ECE90-A350-4176-96BD-FA3F92329AF9}.Release|Any CPU.ActiveCfg = Release|Any CPU
		{C19ECE90-A350-4176-96BD-FA3F92329AF9}.Release|Any CPU.Build.0 = Release|Any CPU
	EndGlobalSection
	GlobalSection(SolutionProperties) = preSolution
		HideSolutionNode = FALSE
	EndGlobalSection
	GlobalSection(ExtensibilityGlobals) = postSolution
		SolutionGuid = {FF17D624-664B-4B72-803B-8C32F550D262}
	EndGlobalSection
EndGlobal
