
Microsoft Visual Studio Solution File, Format Version 12.00
# Visual Studio 15
VisualStudioVersion = 15.0.28307.2092
MinimumVisualStudioVersion = 10.0.40219.1
Project("{FAE04EC0-301F-11D3-BF4B-00C04F79EFBC}") = "4.haftaOrnek11_MetodlarınAsırıYuklenmesı", "4.haftaOrnek11_MetodlarınAsırıYuklenmesı\4.haftaOrnek11_MetodlarınAsırıYuklenmesı.csproj", "{B694BC5F-04ED-4099-B7EE-0DC991BBE707}"
EndProject
Global
	GlobalSection(SolutionConfigurationPlatforms) = preSolution
		Debug|Any CPU = Debug|Any CPU
		Release|Any CPU = Release|Any CPU
	EndGlobalSection
	GlobalSection(ProjectConfigurationPlatforms) = postSolution
		{B694BC5F-04ED-4099-B7EE-0DC991BBE707}.Debug|Any CPU.ActiveCfg = Debug|Any CPU
		{B694BC5F-04ED-4099-B7EE-0DC991BBE707}.Debug|Any CPU.Build.0 = Debug|Any CPU
		{B694BC5F-04ED-4099-B7EE-0DC991BBE707}.Release|Any CPU.ActiveCfg = Release|Any CPU
		{B694BC5F-04ED-4099-B7EE-0DC991BBE707}.Release|Any CPU.Build.0 = Release|Any CPU
	EndGlobalSection
	GlobalSection(SolutionProperties) = preSolution
		HideSolutionNode = FALSE
	EndGlobalSection
	GlobalSection(ExtensibilityGlobals) = postSolution
		SolutionGuid = {A9433A9D-4D4C-4293-85C3-2D5A6985638D}
	EndGlobalSection
EndGlobal
