
Microsoft Visual Studio Solution File, Format Version 12.00
# Visual Studio 15
VisualStudioVersion = 15.0.28307.2092
MinimumVisualStudioVersion = 10.0.40219.1
Project("{FAE04EC0-301F-11D3-BF4B-00C04F79EFBC}") = "5.haftaOrnekUygulamalar10", "5.haftaOrnekUygulamalar10\5.haftaOrnekUygulamalar10.csproj", "{B3D8E78C-098C-41D0-9F47-B0CE1D3188C5}"
EndProject
Global
	GlobalSection(SolutionConfigurationPlatforms) = preSolution
		Debug|Any CPU = Debug|Any CPU
		Release|Any CPU = Release|Any CPU
	EndGlobalSection
	GlobalSection(ProjectConfigurationPlatforms) = postSolution
		{B3D8E78C-098C-41D0-9F47-B0CE1D3188C5}.Debug|Any CPU.ActiveCfg = Debug|Any CPU
		{B3D8E78C-098C-41D0-9F47-B0CE1D3188C5}.Debug|Any CPU.Build.0 = Debug|Any CPU
		{B3D8E78C-098C-41D0-9F47-B0CE1D3188C5}.Release|Any CPU.ActiveCfg = Release|Any CPU
		{B3D8E78C-098C-41D0-9F47-B0CE1D3188C5}.Release|Any CPU.Build.0 = Release|Any CPU
	EndGlobalSection
	GlobalSection(SolutionProperties) = preSolution
		HideSolutionNode = FALSE
	EndGlobalSection
	GlobalSection(ExtensibilityGlobals) = postSolution
		SolutionGuid = {3D21EF52-7C1F-43E9-A7F8-5BAE403D49EF}
	EndGlobalSection
EndGlobal
